// !$*UTF8*$!
{
	archiveVersion = 1;
	classes = {
	};
	objectVersion = 110;
	objects = {

/* Begin PBXContainerItemProxy section */
		81A8C479302D53270008D1A2 /* PBXContainerItemProxy */ = {
			isa = PBXContainerItemProxy;
			containerPortal = 81A8C463302D53260008D1A2 /* Project object */;
			proxyType = 1;
			remoteGlobalIDString = 81A8C46A302D53260008D1A2;
			remoteInfo = SwapBar;
		};
		81A8C483302D53270008D1A2 /* PBXContainerItemProxy */ = {
			isa = PBXContainerItemProxy;
			containerPortal = 81A8C463302D53260008D1A2 /* Project object */;
			proxyType = 1;
			remoteGlobalIDString = 81A8C46A302D53260008D1A2;
			remoteInfo = SwapBar;
		};
/* End PBXContainerItemProxy section */

/* Begin PBXFileReference section */
		81A8C46B302D53260008D1A2 /* SwapBar.app */ = {isa = PBXFileReference; explicitFileType = wrapper.application; includeInIndex = 0; path = SwapBar.app; sourceTree = BUILT_PRODUCTS_DIR; };
		81A8C478302D53270008D1A2 /* SwapBarTests.xctest */ = {isa = PBXFileReference; explicitFileType = wrapper.cfbundle; includeInIndex = 0; path = SwapBarTests.xctest; sourceTree = BUILT_PRODUCTS_DIR; };
		81A8C482302D53270008D1A2 /* SwapBarUITests.xctest */ = {isa = PBXFileReference; explicitFileType = wrapper.cfbundle; includeInIndex = 0; path = SwapBarUITests.xctest; sourceTree = BUILT_PRODUCTS_DIR; };
/* End PBXFileReference section */

/* Begin PBXFileSystemSynchronizedRootGroup section */
		81A8C46D302D53260008D1A2 /* SwapBar */ = {
			isa = PBXFileSystemSynchronizedRootGroup;
			path = SwapBar;
			sourceTree = "<group>";
		};
		81A8C47B302D53270008D1A2 /* SwapBarTests */ = {
			isa = PBXFileSystemSynchronizedRootGroup;
			path = SwapBarTests;
			sourceTree = "<group>";
		};
		81A8C485302D53270008D1A2 /* SwapBarUITests */ = {
			isa = PBXFileSystemSynchronizedRootGroup;
			path = SwapBarUITests;
			sourceTree = "<group>";
		};
		81A8C493302D533B0008D1A2 /* .agents */ = {
			isa = PBXFileSystemSynchronizedRootGroup;
			path = .agents;
			sourceTree = "<group>";
		};
/* End PBXFileSystemSynchronizedRootGroup section */

/* Begin PBXFrameworksBuildPhase section */
		81A8C468302D53260008D1A2 /* Frameworks */ = {
			isa = PBXFrameworksBuildPhase;
			files = (
			);
		};
		81A8C475302D53270008D1A2 /* Frameworks */ = {
			isa = PBXFrameworksBuildPhase;
			files = (
			);
		};
		81A8C47F302D53270008D1A2 /* Frameworks */ = {
			isa = PBXFrameworksBuildPhase;
			files = (
			);
		};
/* End PBXFrameworksBuildPhase section */

/* Begin PBXGroup section */
		81A8C462302D53260008D1A2 = {
			isa = PBXGroup;
			children = (
				81A8C493302D533B0008D1A2 /* .agents */,
				81A8C46D302D53260008D1A2 /* SwapBar */,
				81A8C47B302D53270008D1A2 /* SwapBarTests */,
				81A8C485302D53270008D1A2 /* SwapBarUITests */,
				81A8C46C302D53260008D1A2 /* Products */,
			);
			sourceTree = "<group>";
		};
		81A8C46C302D53260008D1A2 /* Products */ = {
			isa = PBXGroup;
			children = (
				81A8C46B302D53260008D1A2 /* SwapBar.app */,
				81A8C478302D53270008D1A2 /* SwapBarTests.xctest */,
				81A8C482302D53270008D1A2 /* SwapBarUITests.xctest */,
			);
			name = Products;
			sourceTree = "<group>";
		};
/* End PBXGroup section */

/* Begin PBXNativeTarget section */
		81A8C46A302D53260008D1A2 /* SwapBar */ = {
			isa = PBXNativeTarget;
			buildConfigurationList = 81A8C48A302D53270008D1A2 /* Build configuration list for PBXNativeTarget "SwapBar" */;
			buildPhases = (
				81A8C467302D53260008D1A2 /* Sources */,
				81A8C468302D53260008D1A2 /* Frameworks */,
				81A8C469302D53260008D1A2 /* Resources */,
			);
			buildRules = (
			);
			fileSystemSynchronizedGroups = (
				81A8C46D302D53260008D1A2 /* SwapBar */,
				81A8C493302D533B0008D1A2 /* .agents */,
			);
			name = SwapBar;
			productName = SwapBar;
			productReference = 81A8C46B302D53260008D1A2 /* SwapBar.app */;
			productType = "com.apple.product-type.application";
		};
		81A8C477302D53270008D1A2 /* SwapBarTests */ = {
			isa = PBXNativeTarget;
			buildConfigurationList = 81A8C48D302D53270008D1A2 /* Build configuration list for PBXNativeTarget "SwapBarTests" */;
			buildPhases = (
				81A8C474302D53270008D1A2 /* Sources */,
				81A8C475302D53270008D1A2 /* Frameworks */,
				81A8C476302D53270008D1A2 /* Resources */,
			);
			buildRules = (
			);
			dependencies = (
				81A8C47A302D53270008D1A2 /* PBXTargetDependency */,
			);
			fileSystemSynchronizedGroups = (
				81A8C47B302D53270008D1A2 /* SwapBarTests */,
			);
			name = SwapBarTests;
			productName = SwapBarTests;
			productReference = 81A8C478302D53270008D1A2 /* SwapBarTests.xctest */;
			productType = "com.apple.product-type.bundle.unit-test";
		};
		81A8C481302D53270008D1A2 /* SwapBarUITests */ = {
			isa = PBXNativeTarget;
			buildConfigurationList = 81A8C490302D53270008D1A2 /* Build configuration list for PBXNativeTarget "SwapBarUITests" */;
			buildPhases = (
				81A8C47E302D53270008D1A2 /* Sources */,
				81A8C47F302D53270008D1A2 /* Frameworks */,
				81A8C480302D53270008D1A2 /* Resources */,
			);
			buildRules = (
			);
			dependencies = (
				81A8C484302D53270008D1A2 /* PBXTargetDependency */,
			);
			fileSystemSynchronizedGroups = (
				81A8C485302D53270008D1A2 /* SwapBarUITests */,
			);
			name = SwapBarUITests;
			productName = SwapBarUITests;
			productReference = 81A8C482302D53270008D1A2 /* SwapBarUITests.xctest */;
			productType = "com.apple.product-type.bundle.ui-testing";
		};
/* End PBXNativeTarget section */

/* Begin PBXProject section */
		81A8C463302D53260008D1A2 /* Project object */ = {
			isa = PBXProject;
			attributes = {
				BuildIndependentTargetsInParallel = 1;
				LastSwiftUpdateCheck = 2700;
				LastUpgradeCheck = 2700;
				TargetAttributes = {
					81A8C46A302D53260008D1A2 = {
						CreatedOnToolsVersion = 27.0;
					};
					81A8C477302D53270008D1A2 = {
						CreatedOnToolsVersion = 27.0;
						TestTargetID = 81A8C46A302D53260008D1A2;
					};
					81A8C481302D53270008D1A2 = {
						CreatedOnToolsVersion = 27.0;
						TestTargetID = 81A8C46A302D53260008D1A2;
					};
				};
			};
			buildConfigurationList = 81A8C466302D53260008D1A2 /* Build configuration list for PBXProject "SwapBar" */;
			developmentRegion = en;
			hasScannedForEncodings = 0;
			knownRegions = (
				en,
				Base,
			);
			mainGroup = 81A8C462302D53260008D1A2;
			minimizedProjectReferenceProxies = 1;
			preferredProjectObjectVersion = 77;
			productRefGroup = 81A8C46C302D53260008D1A2 /* Products */;
			projectDirPath = "";
			projectRoot = "";
			targets = (
				81A8C46A302D53260008D1A2 /* SwapBar */,
				81A8C477302D53270008D1A2 /* SwapBarTests */,
				81A8C481302D53270008D1A2 /* SwapBarUITests */,
			);
		};
/* End PBXProject section */

/* Begin PBXResourcesBuildPhase section */
		81A8C469302D53260008D1A2 /* Resources */ = {
			isa = PBXResourcesBuildPhase;
			files = (
			);
		};
		81A8C476302D53270008D1A2 /* Resources */ = {
			isa = PBXResourcesBuildPhase;
			files = (
			);
		};
		81A8C480302D53270008D1A2 /* Resources */ = {
			isa = PBXResourcesBuildPhase;
			files = (
			);
		};
/* End PBXResourcesBuildPhase section */

/* Begin PBXSourcesBuildPhase section */
		81A8C467302D53260008D1A2 /* Sources */ = {
			isa = PBXSourcesBuildPhase;
			files = (
			);
		};
		81A8C474302D53270008D1A2 /* Sources */ = {
			isa = PBXSourcesBuildPhase;
			files = (
			);
		};
		81A8C47E302D53270008D1A2 /* Sources */ = {
			isa = PBXSourcesBuildPhase;
			files = (
			);
		};
/* End PBXSourcesBuildPhase section */

/* Begin PBXTargetDependency section */
		81A8C47A302D53270008D1A2 /* PBXTargetDependency */ = {
			isa = PBXTargetDependency;
			target = 81A8C46A302D53260008D1A2 /* SwapBar */;
			targetProxy = 81A8C479302D53270008D1A2 /* PBXContainerItemProxy */;
		};
		81A8C484302D53270008D1A2 /* PBXTargetDependency */ = {
			isa = PBXTargetDependency;
			target = 81A8C46A302D53260008D1A2 /* SwapBar */;
			targetProxy = 81A8C483302D53270008D1A2 /* PBXContainerItemProxy */;
		};
/* End PBXTargetDependency section */

/* Begin XCBuildConfiguration section */
		81A8C488302D53270008D1A2 /* Debug configuration for PBXProject "SwapBar" */ = {
			isa = XCBuildConfiguration;
			buildSettings = {
				ALWAYS_SEARCH_USER_PATHS = NO;
				ASSETCATALOG_COMPILER_GENERATE_SWIFT_ASSET_SYMBOL_EXTENSIONS = YES;
				CLANG_ANALYZER_NONNULL = YES;
				CLANG_ANALYZER_NUMBER_OBJECT_CONVERSION = YES_AGGRESSIVE;
				CLANG_CXX_LANGUAGE_STANDARD = "gnu++20";
				CLANG_ENABLE_MODULES = YES;
				CLANG_ENABLE_OBJC_ARC = YES;
				CLANG_ENABLE_OBJC_WEAK = YES;
				CLANG_WARN_BLOCK_CAPTURE_AUTORELEASING = YES;
				CLANG_WARN_BOOL_CONVERSION = YES;
				CLANG_WARN_COMMA = YES;
				CLANG_WARN_CONSTANT_CONVERSION = YES;
				CLANG_WARN_DEPRECATED_OBJC_IMPLEMENTATIONS = YES;
				CLANG_WARN_DIRECT_OBJC_ISA_USAGE = YES_ERROR;
				CLANG_WARN_DOCUMENTATION_COMMENTS = YES;
				CLANG_WARN_EMPTY_BODY = YES;
				CLANG_WARN_ENUM_CONVERSION = YES;
				CLANG_WARN_INFINITE_RECURSION = YES;
				CLANG_WARN_INT_CONVERSION = YES;
				CLANG_WARN_NON_LITERAL_NULL_CONVERSION = YES;
				CLANG_WARN_OBJC_IMPLICIT_RETAIN_SELF = YES;
				CLANG_WARN_OBJC_LITERAL_CONVERSION = YES;
				CLANG_WARN_OBJC_ROOT_CLASS = YES_ERROR;
				CLANG_WARN_QUOTED_INCLUDE_IN_FRAMEWORK_HEADER = YES;
				CLANG_WARN_RANGE_LOOP_ANALYSIS = YES;
				CLANG_WARN_STRICT_PROTOTYPES = YES;
				CLANG_WARN_SUSPICIOUS_MOVE = YES;
				CLANG_WARN_UNGUARDED_AVAILABILITY = YES_AGGRESSIVE;
				CLANG_WARN_UNREACHABLE_CODE = YES;
				CLANG_WARN__DUPLICATE_METHOD_MATCH = YES;
				COPY_PHASE_STRIP = NO;
				DEBUG_INFORMATION_FORMAT = dwarf;
				DEVELOPMENT_TEAM = 427Y9Z8Y78;
				ENABLE_STRICT_OBJC_MSGSEND = YES;
				ENABLE_TESTABILITY = YES;
				ENABLE_USER_SCRIPT_SANDBOXING = YES;
				GCC_C_LANGUAGE_STANDARD = gnu17;
				GCC_DYNAMIC_NO_PIC = NO;
				GCC_NO_COMMON_BLOCKS = YES;
				GCC_OPTIMIZATION_LEVEL = 0;
				GCC_PREPROCESSOR_DEFINITIONS = (
					"DEBUG=1",
					"$(inherited)",
				);
				GCC_WARN_64_TO_32_BIT_CONVERSION = YES;
				GCC_WARN_ABOUT_RETURN_TYPE = YES_ERROR;
				GCC_WARN_UNDECLARED_SELECTOR = YES;
				GCC_WARN_UNINITIALIZED_AUTOS = YES_AGGRESSIVE;
				GCC_WARN_UNUSED_FUNCTION = YES;
				GCC_WARN_UNUSED_VARIABLE = YES;
				LOCALIZATION_PREFERS_STRING_CATALOGS = YES;
				MACOSX_DEPLOYMENT_TARGET = 27.0;
				MTL_ENABLE_DEBUG_INFO = INCLUDE_SOURCE;
				MTL_FAST_MATH = YES;
				ONLY_ACTIVE_ARCH = YES;
				SDKROOT = macosx;
				SWIFT_ACTIVE_COMPILATION_CONDITIONS = "DEBUG $(inherited)";
				SWIFT_OPTIMIZATION_LEVEL = "-Onone";
			};
			name = Debug;
		};
		81A8C489302D53270008D1A2 /* Release configuration for PBXProject "SwapBar" */ = {
			isa = XCBuildConfiguration;
			buildSettings = {
				ALWAYS_SEARCH_USER_PATHS = NO;
				ASSETCATALOG_COMPILER_GENERATE_SWIFT_ASSET_SYMBOL_EXTENSIONS = YES;
				CLANG_ANALYZER_NONNULL = YES;
				CLANG_ANALYZER_NUMBER_OBJECT_CONVERSION = YES_AGGRESSIVE;
				CLANG_CXX_LANGUAGE_STANDARD = "gnu++20";
				CLANG_ENABLE_MODULES = YES;
				CLANG_ENABLE_OBJC_ARC = YES;
				CLANG_ENABLE_OBJC_WEAK = YES;
				CLANG_WARN_BLOCK_CAPTURE_AUTORELEASING = YES;
				CLANG_WARN_BOOL_CONVERSION = YES;
				CLANG_WARN_COMMA = YES;
				CLANG_WARN_CONSTANT_CONVERSION = YES;
				CLANG_WARN_DEPRECATED_OBJC_IMPLEMENTATIONS = YES;
				CLANG_WARN_DIRECT_OBJC_ISA_USAGE = YES_ERROR;
				CLANG_WARN_DOCUMENTATION_COMMENTS = YES;
				CLANG_WARN_EMPTY_BODY = YES;
				CLANG_WARN_ENUM_CONVERSION = YES;
				CLANG_WARN_INFINITE_RECURSION = YES;
				CLANG_WARN_INT_CONVERSION = YES;
				CLANG_WARN_NON_LITERAL_NULL_CONVERSION = YES;
				CLANG_WARN_OBJC_IMPLICIT_RETAIN_SELF = YES;
				CLANG_WARN_OBJC_LITERAL_CONVERSION = YES;
				CLANG_WARN_OBJC_ROOT_CLASS = YES_ERROR;
				CLANG_WARN_QUOTED_INCLUDE_IN_FRAMEWORK_HEADER = YES;
				CLANG_WARN_RANGE_LOOP_ANALYSIS = YES;
				CLANG_WARN_STRICT_PROTOTYPES = YES;
				CLANG_WARN_SUSPICIOUS_MOVE = YES;
				CLANG_WARN_UNGUARDED_AVAILABILITY = YES_AGGRESSIVE;
				CLANG_WARN_UNREACHABLE_CODE = YES;
				CLANG_WARN__DUPLICATE_METHOD_MATCH = YES;
				COPY_PHASE_STRIP = NO;
				DEBUG_INFORMATION_FORMAT = "dwarf-with-dsym";
				DEVELOPMENT_TEAM = 427Y9Z8Y78;
				ENABLE_NS_ASSERTIONS = NO;
				ENABLE_STRICT_OBJC_MSGSEND = YES;
				ENABLE_USER_SCRIPT_SANDBOXING = YES;
				GCC_C_LANGUAGE_STANDARD = gnu17;
				GCC_NO_COMMON_BLOCKS = YES;
				GCC_WARN_64_TO_32_BIT_CONVERSION = YES;
				GCC_WARN_ABOUT_RETURN_TYPE = YES_ERROR;
				GCC_WARN_UNDECLARED_SELECTOR = YES;
				GCC_WARN_UNINITIALIZED_AUTOS = YES_AGGRESSIVE;
				GCC_WARN_UNUSED_FUNCTION = YES;
				GCC_WARN_UNUSED_VARIABLE = YES;
				LOCALIZATION_PREFERS_STRING_CATALOGS = YES;
				MACOSX_DEPLOYMENT_TARGET = 27.0;
				MTL_ENABLE_DEBUG_INFO = NO;
				MTL_FAST_MATH = YES;
				SDKROOT = macosx;
				SWIFT_COMPILATION_MODE = wholemodule;
			};
			name = Release;
		};
		81A8C48B302D53270008D1A2 /* Debug configuration for PBXNativeTarget "SwapBar" */ = {
			isa = XCBuildConfiguration;
			buildSettings = {
				ASSETCATALOG_COMPILER_APPICON_NAME = AppIcon;
				ASSETCATALOG_COMPILER_GLOBAL_ACCENT_COLOR_NAME = AccentColor;
				CODE_SIGN_STYLE = Automatic;
				COMBINE_HIDPI_IMAGES = YES;
				CURRENT_PROJECT_VERSION = 1;
				DEVELOPMENT_TEAM = 427Y9Z8Y78;
				ENABLE_APP_SANDBOX = YES;
				ENABLE_HARDENED_RUNTIME = YES;
				ENABLE_INCOMING_NETWORK_CONNECTIONS = NO;
				ENABLE_OUTGOING_NETWORK_CONNECTIONS = YES;
				ENABLE_PREVIEWS = YES;
				ENABLE_RESOURCE_ACCESS_AUDIO_INPUT = NO;
				ENABLE_RESOURCE_ACCESS_BLUETOOTH = NO;
				ENABLE_RESOURCE_ACCESS_CALENDARS = NO;
				ENABLE_RESOURCE_ACCESS_CAMERA = NO;
				ENABLE_RESOURCE_ACCESS_CONTACTS = NO;
				ENABLE_RESOURCE_ACCESS_LOCATION = NO;
				ENABLE_RESOURCE_ACCESS_PRINTING = NO;
				ENABLE_RESOURCE_ACCESS_USB = NO;
				ENABLE_USER_SELECTED_FILES = readonly;
				GENERATE_INFOPLIST_FILE = YES;
				INFOPLIST_KEY_LSUIElement = YES;
				INFOPLIST_KEY_NSHumanReadableCopyright = "";
				LD_RUNPATH_SEARCH_PATHS = (
					"$(inherited)",
					"@executable_path/../Frameworks",
				);
				MACOSX_DEPLOYMENT_TARGET = 14.0;
				MARKETING_VERSION = 1.0;
				PRODUCT_BUNDLE_IDENTIFIER = ejohnson.SwapBar;
				PRODUCT_NAME = "$(TARGET_NAME)";
				REGISTER_APP_GROUPS = YES;
				STRING_CATALOG_GENERATE_SYMBOLS = YES;
				SWIFT_APPROACHABLE_CONCURRENCY = YES;
				SWIFT_DEFAULT_ACTOR_ISOLATION = MainActor;
				SWIFT_EMIT_LOC_STRINGS = YES;
				SWIFT_UPCOMING_FEATURE_MEMBER_IMPORT_VISIBILITY = YES;
				SWIFT_VERSION = 5.0;
			};
			name = Debug;
		};
		81A8C48C302D53270008D1A2 /* Release configuration for PBXNativeTarget "SwapBar" */ = {
			isa = XCBuildConfiguration;
			buildSettings = {
				ASSETCATALOG_COMPILER_APPICON_NAME = AppIcon;
				ASSETCATALOG_COMPILER_GLOBAL_ACCENT_COLOR_NAME = AccentColor;
				CODE_SIGN_STYLE = Automatic;
				COMBINE_HIDPI_IMAGES = YES;
				CURRENT_PROJECT_VERSION = 1;
				DEVELOPMENT_TEAM = 427Y9Z8Y78;
				ENABLE_APP_SANDBOX = YES;
				ENABLE_HARDENED_RUNTIME = YES;
				ENABLE_INCOMING_NETWORK_CONNECTIONS = NO;
				ENABLE_OUTGOING_NETWORK_CONNECTIONS = YES;
				ENABLE_PREVIEWS = YES;
				ENABLE_RESOURCE_ACCESS_AUDIO_INPUT = NO;
				ENABLE_RESOURCE_ACCESS_BLUETOOTH = NO;
				ENABLE_RESOURCE_ACCESS_CALENDARS = NO;
				ENABLE_RESOURCE_ACCESS_CAMERA = NO;
				ENABLE_RESOURCE_ACCESS_CONTACTS = NO;
				ENABLE_RESOURCE_ACCESS_LOCATION = NO;
				ENABLE_RESOURCE_ACCESS_PRINTING = NO;
				ENABLE_RESOURCE_ACCESS_USB = NO;
				ENABLE_USER_SELECTED_FILES = readonly;
				GENERATE_INFOPLIST_FILE = YES;
				INFOPLIST_KEY_LSUIElement = YES;
				INFOPLIST_KEY_NSHumanReadableCopyright = "";
				LD_RUNPATH_SEARCH_PATHS = (
					"$(inherited)",
					"@executable_path/../Frameworks",
				);
				MACOSX_DEPLOYMENT_TARGET = 14.0;
				MARKETING_VERSION = 1.0;
				PRODUCT_BUNDLE_IDENTIFIER = ejohnson.SwapBar;
				PRODUCT_NAME = "$(TARGET_NAME)";
				REGISTER_APP_GROUPS = YES;
				STRING_CATALOG_GENERATE_SYMBOLS = YES;
				SWIFT_APPROACHABLE_CONCURRENCY = YES;
				SWIFT_DEFAULT_ACTOR_ISOLATION = MainActor;
				SWIFT_EMIT_LOC_STRINGS = YES;
				SWIFT_UPCOMING_FEATURE_MEMBER_IMPORT_VISIBILITY = YES;
				SWIFT_VERSION = 5.0;
			};
			name = Release;
		};
		81A8C48E302D53270008D1A2 /* Debug configuration for PBXNativeTarget "SwapBarTests" */ = {
			isa = XCBuildConfiguration;
			buildSettings = {
				BUNDLE_LOADER = "$(TEST_HOST)";
				CODE_SIGN_STYLE = Automatic;
				CURRENT_PROJECT_VERSION = 1;
				DEVELOPMENT_TEAM = 427Y9Z8Y78;
				GENERATE_INFOPLIST_FILE = YES;
				MACOSX_DEPLOYMENT_TARGET = 14.0;
				MARKETING_VERSION = 1.0;
				PRODUCT_BUNDLE_IDENTIFIER = ejohnson.SwapBarTests;
				PRODUCT_NAME = "$(TARGET_NAME)";
				STRING_CATALOG_GENERATE_SYMBOLS = NO;
				SWIFT_APPROACHABLE_CONCURRENCY = YES;
				SWIFT_EMIT_LOC_STRINGS = NO;
				SWIFT_UPCOMING_FEATURE_MEMBER_IMPORT_VISIBILITY = YES;
				SWIFT_VERSION = 5.0;
				TEST_HOST = "$(BUILT_PRODUCTS_DIR)/SwapBar.app/$(BUNDLE_EXECUTABLE_FOLDER_PATH)/SwapBar";
			};
			name = Debug;
		};
		81A8C48F302D53270008D1A2 /* Release configuration for PBXNativeTarget "SwapBarTests" */ = {
			isa = XCBuildConfiguration;
			buildSettings = {
				BUNDLE_LOADER = "$(TEST_HOST)";
				CODE_SIGN_STYLE = Automatic;
				CURRENT_PROJECT_VERSION = 1;
				DEVELOPMENT_TEAM = 427Y9Z8Y78;
				GENERATE_INFOPLIST_FILE = YES;
				MACOSX_DEPLOYMENT_TARGET = 14.0;
				MARKETING_VERSION = 1.0;
				PRODUCT_BUNDLE_IDENTIFIER = ejohnson.SwapBarTests;
				PRODUCT_NAME = "$(TARGET_NAME)";
				STRING_CATALOG_GENERATE_SYMBOLS = NO;
				SWIFT_APPROACHABLE_CONCURRENCY = YES;
				SWIFT_EMIT_LOC_STRINGS = NO;
				SWIFT_UPCOMING_FEATURE_MEMBER_IMPORT_VISIBILITY = YES;
				SWIFT_VERSION = 5.0;
				TEST_HOST = "$(BUILT_PRODUCTS_DIR)/SwapBar.app/$(BUNDLE_EXECUTABLE_FOLDER_PATH)/SwapBar";
			};
			name = Release;
		};
		81A8C491302D53270008D1A2 /* Debug configuration for PBXNativeTarget "SwapBarUITests" */ = {
			isa = XCBuildConfiguration;
			buildSettings = {
				CODE_SIGN_STYLE = Automatic;
				CURRENT_PROJECT_VERSION = 1;
				DEVELOPMENT_TEAM = 427Y9Z8Y78;
				GENERATE_INFOPLIST_FILE = YES;
				MACOSX_DEPLOYMENT_TARGET = 14.0;
				MARKETING_VERSION = 1.0;
				PRODUCT_BUNDLE_IDENTIFIER = ejohnson.SwapBarUITests;
				PRODUCT_NAME = "$(TARGET_NAME)";
				STRING_CATALOG_GENERATE_SYMBOLS = NO;
				SWIFT_APPROACHABLE_CONCURRENCY = YES;
				SWIFT_EMIT_LOC_STRINGS = NO;
				SWIFT_UPCOMING_FEATURE_MEMBER_IMPORT_VISIBILITY = YES;
				SWIFT_VERSION = 5.0;
				TEST_TARGET_NAME = SwapBar;
			};
			name = Debug;
		};
		81A8C492302D53270008D1A2 /* Release configuration for PBXNativeTarget "SwapBarUITests" */ = {
			isa = XCBuildConfiguration;
			buildSettings = {
				CODE_SIGN_STYLE = Automatic;
				CURRENT_PROJECT_VERSION = 1;
				DEVELOPMENT_TEAM = 427Y9Z8Y78;
				GENERATE_INFOPLIST_FILE = YES;
				MACOSX_DEPLOYMENT_TARGET = 14.0;
				MARKETING_VERSION = 1.0;
				PRODUCT_BUNDLE_IDENTIFIER = ejohnson.SwapBarUITests;
				PRODUCT_NAME = "$(TARGET_NAME)";
				STRING_CATALOG_GENERATE_SYMBOLS = NO;
				SWIFT_APPROACHABLE_CONCURRENCY = YES;
				SWIFT_EMIT_LOC_STRINGS = NO;
				SWIFT_UPCOMING_FEATURE_MEMBER_IMPORT_VISIBILITY = YES;
				SWIFT_VERSION = 5.0;
				TEST_TARGET_NAME = SwapBar;
			};
			name = Release;
		};
/* End XCBuildConfiguration section */

/* Begin XCConfigurationList section */
		81A8C466302D53260008D1A2 /* Build configuration list for PBXProject "SwapBar" */ = {
			isa = XCConfigurationList;
			buildConfigurations = (
				81A8C488302D53270008D1A2 /* Debug configuration for PBXProject "SwapBar" */,
				81A8C489302D53270008D1A2 /* Release configuration for PBXProject "SwapBar" */,
			);
			defaultConfigurationName = Release;
		};
		81A8C48A302D53270008D1A2 /* Build configuration list for PBXNativeTarget "SwapBar" */ = {
			isa = XCConfigurationList;
			buildConfigurations = (
				81A8C48B302D53270008D1A2 /* Debug configuration for PBXNativeTarget "SwapBar" */,
				81A8C48C302D53270008D1A2 /* Release configuration for PBXNativeTarget "SwapBar" */,
			);
			defaultConfigurationName = Release;
		};
		81A8C48D302D53270008D1A2 /* Build configuration list for PBXNativeTarget "SwapBarTests" */ = {
			isa = XCConfigurationList;
			buildConfigurations = (
				81A8C48E302D53270008D1A2 /* Debug configuration for PBXNativeTarget "SwapBarTests" */,
				81A8C48F302D53270008D1A2 /* Release configuration for PBXNativeTarget "SwapBarTests" */,
			);
			defaultConfigurationName = Release;
		};
		81A8C490302D53270008D1A2 /* Build configuration list for PBXNativeTarget "SwapBarUITests" */ = {
			isa = XCConfigurationList;
			buildConfigurations = (
				81A8C491302D53270008D1A2 /* Debug configuration for PBXNativeTarget "SwapBarUITests" */,
				81A8C492302D53270008D1A2 /* Release configuration for PBXNativeTarget "SwapBarUITests" */,
			);
			defaultConfigurationName = Release;
		};
/* End XCConfigurationList section */
	};
	rootObject = 81A8C463302D53260008D1A2 /* Project object */;
	validationLevel = 1;
}
